{
  "version": 1,
  "dependencies": {
    "net9.0": {
      "DNNE": {
        "type": "Direct",
        "requested": "[2.0.7, )",
        "resolved": "2.0.7",
        "contentHash": "ekc2MgCEQZwS/Nn5CFmR81XuuNRa+ZOYmlt05487vAq/LY1QQxf0XVv/n8r6GMcnb4/r19GMWaZY11e0tV6m5w=="
      },
      "Newtonsoft.Json": {
        "type": "Transitive",
        "resolved": "13.0.3",
        "contentHash": "HrC5BXdl00IP9zeV+0Z848QWPAoCr9P3bDEZguI+gkLcBKAOxix/tLEAAHC+UvDNPv4a2d18lOReHMOagPa+zQ=="
      },
      "ZstdSharp.Port": {
        "type": "Transitive",
        "resolved": "0.8.1",
        "contentHash": "19tNz33kn2EkyViFXuxfVn338UJaRmkwBphVqP2dVJIYQUQgFrgG5h061mxkRRg1Ax6r+6WOj1FxaFZ5qaWqqg=="
      },
      "uassetapi": {
        "type": "Project",
        "dependencies": {
          "Newtonsoft.Json": "[13.0.3, )",
          "ZstdSharp.Port": "[0.8.1, )"
        }
      }
    },
    "net9.0/linux-x64": {},
    "net9.0/win-x64": {}
  }
}